
Microsoft Visual Studio Solution File, Format Version 12.00
# Visual Studio 2012
Project("{FAE04EC0-301F-11D3-BF4B-00C04F79EFBC}") = "TwilioPOCApp", "TwilioPOCApp\TwilioPOCApp.csproj", "{37FED36E-D093-4E5F-9FDE-689561DB856E}"
EndProject
Project("{FAE04EC0-301F-11D3-BF4B-00C04F79EFBC}") = "TwilioApplication", "TwilioApplication\TwilioApplication.csproj", "{4015D341-E1D1-4ABD-B8FF-4BC010056615}"
EndProject
Project("{FAE04EC0-301F-11D3-BF4B-00C04F79EFBC}") = "TwilioResponse", "TwilioResponse\TwilioResponse.csproj", "{FCAA41EC-4E42-415D-8C26-DDC10CAB98BD}"
EndProject
Project("{FAE04EC0-301F-11D3-BF4B-00C04F79EFBC}") = "TwilioResponse_Back", "TwilioResponse_backup\TwilioResponse_Back.csproj", "{66CC5EDC-926C-401D-BBC6-F512EACA0DD2}"
EndProject
Global
	GlobalSection(SolutionConfigurationPlatforms) = preSolution
		Debug|Any CPU = Debug|Any CPU
		Release|Any CPU = Release|Any CPU
	EndGlobalSection
	GlobalSection(ProjectConfigurationPlatforms) = postSolution
		{37FED36E-D093-4E5F-9FDE-689561DB856E}.Debug|Any CPU.ActiveCfg = Debug|Any CPU
		{37FED36E-D093-4E5F-9FDE-689561DB856E}.Debug|Any CPU.Build.0 = Debug|Any CPU
		{37FED36E-D093-4E5F-9FDE-689561DB856E}.Release|Any CPU.ActiveCfg = Release|Any CPU
		{37FED36E-D093-4E5F-9FDE-689561DB856E}.Release|Any CPU.Build.0 = Release|Any CPU
		{4015D341-E1D1-4ABD-B8FF-4BC010056615}.Debug|Any CPU.ActiveCfg = Debug|Any CPU
		{4015D341-E1D1-4ABD-B8FF-4BC010056615}.Debug|Any CPU.Build.0 = Debug|Any CPU
		{4015D341-E1D1-4ABD-B8FF-4BC010056615}.Release|Any CPU.ActiveCfg = Release|Any CPU
		{4015D341-E1D1-4ABD-B8FF-4BC010056615}.Release|Any CPU.Build.0 = Release|Any CPU
		{FCAA41EC-4E42-415D-8C26-DDC10CAB98BD}.Debug|Any CPU.ActiveCfg = Debug|Any CPU
		{FCAA41EC-4E42-415D-8C26-DDC10CAB98BD}.Debug|Any CPU.Build.0 = Debug|Any CPU
		{FCAA41EC-4E42-415D-8C26-DDC10CAB98BD}.Release|Any CPU.ActiveCfg = Release|Any CPU
		{FCAA41EC-4E42-415D-8C26-DDC10CAB98BD}.Release|Any CPU.Build.0 = Release|Any CPU
		{66CC5EDC-926C-401D-BBC6-F512EACA0DD2}.Debug|Any CPU.ActiveCfg = Debug|Any CPU
		{66CC5EDC-926C-401D-BBC6-F512EACA0DD2}.Debug|Any CPU.Build.0 = Debug|Any CPU
		{66CC5EDC-926C-401D-BBC6-F512EACA0DD2}.Release|Any CPU.ActiveCfg = Release|Any CPU
		{66CC5EDC-926C-401D-BBC6-F512EACA0DD2}.Release|Any CPU.Build.0 = Release|Any CPU
	EndGlobalSection
	GlobalSection(SolutionProperties) = preSolution
		HideSolutionNode = FALSE
	EndGlobalSection
EndGlobal
